
Microsoft Visual Studio Solution File, Format Version 12.00
# Visual Studio Version 17
VisualStudioVersion = 17.14.36811.4 d17.14
MinimumVisualStudioVersion = 10.0.40219.1
Project("{FAE04EC0-301F-11D3-BF4B-00C04F79EFBC}") = "web_api_1771020345", "web_api_1771020345.csproj", "{04758CC7-3CDA-D477-2577-75857BAF372D}"
EndProject
Global
	GlobalSection(SolutionConfigurationPlatforms) = preSolution
		Debug|Any CPU = Debug|Any CPU
		Release|Any CPU = Release|Any CPU
	EndGlobalSection
	GlobalSection(ProjectConfigurationPlatforms) = postSolution
		{04758CC7-3CDA-D477-2577-75857BAF372D}.Debug|Any CPU.ActiveCfg = Debug|Any CPU
		{04758CC7-3CDA-D477-2577-75857BAF372D}.Debug|Any CPU.Build.0 = Debug|Any CPU
		{04758CC7-3CDA-D477-2577-75857BAF372D}.Release|Any CPU.ActiveCfg = Release|Any CPU
		{04758CC7-3CDA-D477-2577-75857BAF372D}.Release|Any CPU.Build.0 = Release|Any CPU
	EndGlobalSection
	GlobalSection(SolutionProperties) = preSolution
		HideSolutionNode = FALSE
	EndGlobalSection
	GlobalSection(ExtensibilityGlobals) = postSolution
		SolutionGuid = {A5210C5F-90C0-422F-9F87-B3C338E75C9D}
	EndGlobalSection
EndGlobal
